
Microsoft Visual Studio Solution File, Format Version 12.00
# Visual Studio 14
VisualStudioVersion = 14.0.25420.1
MinimumVisualStudioVersion = 10.0.40219.1
Project("{2150E333-8FDC-42A3-9474-1A3956D46DE8}") = "1 - Presentation", "1 - Presentation", "{34223C91-C053-4F61-A569-997884368E32}"
EndProject
Project("{2150E333-8FDC-42A3-9474-1A3956D46DE8}") = "2 - Services", "2 - Services", "{BD94F8F6-F0CA-4B7D-B5A5-6576C4421045}"
EndProject
Project("{2150E333-8FDC-42A3-9474-1A3956D46DE8}") = "3 - Application", "3 - Application", "{04DA1BCF-A831-4A85-807E-32C416500F2C}"
EndProject
Project("{2150E333-8FDC-42A3-9474-1A3956D46DE8}") = "4 - Domain", "4 - Domain", "{7F0BE343-A349-4191-A7F8-016D306E89AD}"
EndProject
Project("{2150E333-8FDC-42A3-9474-1A3956D46DE8}") = "5 - Infra", "5 - Infra", "{EB20E0D6-DF24-41D9-B62B-4317EC991A83}"
EndProject
Project("{2150E333-8FDC-42A3-9474-1A3956D46DE8}") = "5.1 - Data", "5.1 - Data", "{6B22895B-5D23-47C3-9AB0-128CE969CC63}"
EndProject
Project("{2150E333-8FDC-42A3-9474-1A3956D46DE8}") = "5.2 - CrossCutting", "5.2 - CrossCutting", "{7AF8C09B-6777-4346-9D7E-C66640DD60B4}"
EndProject
Project("{FAE04EC0-301F-11D3-BF4B-00C04F79EFBC}") = "S2IT.Desafio.MVC", "src\S2IT.Desafio.MVC\S2IT.Desafio.MVC.csproj", "{FF0068E0-74CE-449B-85DB-2BF98319D8B1}"
EndProject
Project("{FAE04EC0-301F-11D3-BF4B-00C04F79EFBC}") = "S2IT.Desafio.Application", "src\S2IT.Desafio.Application\S2IT.Desafio.Application.csproj", "{EDBB622B-91F1-44D3-A4BB-40A9AC0DD584}"
EndProject
Project("{FAE04EC0-301F-11D3-BF4B-00C04F79EFBC}") = "S2IT.Desafio.Domain", "src\S2IT.Desafio.Domain\S2IT.Desafio.Domain.csproj", "{9416DAE7-0E49-428B-B064-5D31775AD38C}"
EndProject
Project("{FAE04EC0-301F-11D3-BF4B-00C04F79EFBC}") = "S2IT.Desafio.Infra.Data", "src\S2IT.Desafio.Infra.Data\S2IT.Desafio.Infra.Data.csproj", "{421B9050-0D7F-453A-8E55-3272B4DBE6BA}"
EndProject
Project("{FAE04EC0-301F-11D3-BF4B-00C04F79EFBC}") = "S2IT.Desafio.Infra.CrossCutting.MvcFilters", "src\S2IT.Desafio.Infra.CrossCutting.MvcFilters\S2IT.Desafio.Infra.CrossCutting.MvcFilters.csproj", "{8D59BCFD-621F-4CD1-9C73-F6803082F54B}"
EndProject
Project("{FAE04EC0-301F-11D3-BF4B-00C04F79EFBC}") = "S2IT.Desafio.Infra.CrossCutting.IoC", "src\S2IT.Desafio.Infra.CrossCutting.IoC\S2IT.Desafio.Infra.CrossCutting.IoC.csproj", "{4BE4B9CD-9DC1-47DF-A010-F6F63EE6302A}"
EndProject
Project("{FAE04EC0-301F-11D3-BF4B-00C04F79EFBC}") = "S2IT.Desafio.WebService", "src\S2IT.Desafio.WebService\S2IT.Desafio.WebService.csproj", "{5AEB793D-9ED8-4BAA-825A-09C528046F50}"
EndProject
Global
	GlobalSection(SolutionConfigurationPlatforms) = preSolution
		Debug|Any CPU = Debug|Any CPU
		Release|Any CPU = Release|Any CPU
	EndGlobalSection
	GlobalSection(ProjectConfigurationPlatforms) = postSolution
		{FF0068E0-74CE-449B-85DB-2BF98319D8B1}.Debug|Any CPU.ActiveCfg = Debug|Any CPU
		{FF0068E0-74CE-449B-85DB-2BF98319D8B1}.Debug|Any CPU.Build.0 = Debug|Any CPU
		{FF0068E0-74CE-449B-85DB-2BF98319D8B1}.Release|Any CPU.ActiveCfg = Release|Any CPU
		{FF0068E0-74CE-449B-85DB-2BF98319D8B1}.Release|Any CPU.Build.0 = Release|Any CPU
		{EDBB622B-91F1-44D3-A4BB-40A9AC0DD584}.Debug|Any CPU.ActiveCfg = Debug|Any CPU
		{EDBB622B-91F1-44D3-A4BB-40A9AC0DD584}.Debug|Any CPU.Build.0 = Debug|Any CPU
		{EDBB622B-91F1-44D3-A4BB-40A9AC0DD584}.Release|Any CPU.ActiveCfg = Release|Any CPU
		{EDBB622B-91F1-44D3-A4BB-40A9AC0DD584}.Release|Any CPU.Build.0 = Release|Any CPU
		{9416DAE7-0E49-428B-B064-5D31775AD38C}.Debug|Any CPU.ActiveCfg = Debug|Any CPU
		{9416DAE7-0E49-428B-B064-5D31775AD38C}.Debug|Any CPU.Build.0 = Debug|Any CPU
		{9416DAE7-0E49-428B-B064-5D31775AD38C}.Release|Any CPU.ActiveCfg = Release|Any CPU
		{9416DAE7-0E49-428B-B064-5D31775AD38C}.Release|Any CPU.Build.0 = Release|Any CPU
		{421B9050-0D7F-453A-8E55-3272B4DBE6BA}.Debug|Any CPU.ActiveCfg = Debug|Any CPU
		{421B9050-0D7F-453A-8E55-3272B4DBE6BA}.Debug|Any CPU.Build.0 = Debug|Any CPU
		{421B9050-0D7F-453A-8E55-3272B4DBE6BA}.Release|Any CPU.ActiveCfg = Release|Any CPU
		{421B9050-0D7F-453A-8E55-3272B4DBE6BA}.Release|Any CPU.Build.0 = Release|Any CPU
		{8D59BCFD-621F-4CD1-9C73-F6803082F54B}.Debug|Any CPU.ActiveCfg = Debug|Any CPU
		{8D59BCFD-621F-4CD1-9C73-F6803082F54B}.Debug|Any CPU.Build.0 = Debug|Any CPU
		{8D59BCFD-621F-4CD1-9C73-F6803082F54B}.Release|Any CPU.ActiveCfg = Release|Any CPU
		{8D59BCFD-621F-4CD1-9C73-F6803082F54B}.Release|Any CPU.Build.0 = Release|Any CPU
		{4BE4B9CD-9DC1-47DF-A010-F6F63EE6302A}.Debug|Any CPU.ActiveCfg = Debug|Any CPU
		{4BE4B9CD-9DC1-47DF-A010-F6F63EE6302A}.Debug|Any CPU.Build.0 = Debug|Any CPU
		{4BE4B9CD-9DC1-47DF-A010-F6F63EE6302A}.Release|Any CPU.ActiveCfg = Release|Any CPU
		{4BE4B9CD-9DC1-47DF-A010-F6F63EE6302A}.Release|Any CPU.Build.0 = Release|Any CPU
		{5AEB793D-9ED8-4BAA-825A-09C528046F50}.Debug|Any CPU.ActiveCfg = Debug|Any CPU
		{5AEB793D-9ED8-4BAA-825A-09C528046F50}.Debug|Any CPU.Build.0 = Debug|Any CPU
		{5AEB793D-9ED8-4BAA-825A-09C528046F50}.Release|Any CPU.ActiveCfg = Release|Any CPU
		{5AEB793D-9ED8-4BAA-825A-09C528046F50}.Release|Any CPU.Build.0 = Release|Any CPU
	EndGlobalSection
	GlobalSection(SolutionProperties) = preSolution
		HideSolutionNode = FALSE
	EndGlobalSection
	GlobalSection(NestedProjects) = preSolution
		{6B22895B-5D23-47C3-9AB0-128CE969CC63} = {EB20E0D6-DF24-41D9-B62B-4317EC991A83}
		{7AF8C09B-6777-4346-9D7E-C66640DD60B4} = {EB20E0D6-DF24-41D9-B62B-4317EC991A83}
		{FF0068E0-74CE-449B-85DB-2BF98319D8B1} = {34223C91-C053-4F61-A569-997884368E32}
		{EDBB622B-91F1-44D3-A4BB-40A9AC0DD584} = {04DA1BCF-A831-4A85-807E-32C416500F2C}
		{9416DAE7-0E49-428B-B064-5D31775AD38C} = {7F0BE343-A349-4191-A7F8-016D306E89AD}
		{421B9050-0D7F-453A-8E55-3272B4DBE6BA} = {6B22895B-5D23-47C3-9AB0-128CE969CC63}
		{8D59BCFD-621F-4CD1-9C73-F6803082F54B} = {7AF8C09B-6777-4346-9D7E-C66640DD60B4}
		{4BE4B9CD-9DC1-47DF-A010-F6F63EE6302A} = {7AF8C09B-6777-4346-9D7E-C66640DD60B4}
		{5AEB793D-9ED8-4BAA-825A-09C528046F50} = {BD94F8F6-F0CA-4B7D-B5A5-6576C4421045}
	EndGlobalSection
EndGlobal
